
Microsoft Visual Studio Solution File, Format Version 12.00
# Visual Studio Version 16
VisualStudioVersion = 16.0.29519.87
MinimumVisualStudioVersion = 10.0.40219.1
Project("{2150E333-8FDC-42A3-9474-1A3956D46DE8}") = "Solution Items", "Solution Items", "{D6BC9D08-270A-4264-A028-4A3F64D6E8C3}"
	ProjectSection(SolutionItems) = preProject
		GitVersion.yml = GitVersion.yml
		Pipeline.yml = Pipeline.yml
	EndProjectSection
EndProject
Project("{2150E333-8FDC-42A3-9474-1A3956D46DE8}") = ".nuget", ".nuget", "{7A406BB8-9FC9-4703-8E3D-B82BE8CF6C49}"
	ProjectSection(SolutionItems) = preProject
		.nuget\NuGet.Config = .nuget\NuGet.Config
	EndProjectSection
EndProject
Project("{9A19103F-16F7-4668-BE54-9A1E7A4F7556}") = "ADMS.Apprentices.Core", "ADMS.Apprentices.Core\ADMS.Apprentices.Core.csproj", "{514893F2-6C4F-4FE7-8854-B179D49293A0}"
EndProject
Project("{9A19103F-16F7-4668-BE54-9A1E7A4F7556}") = "ADMS.Apprentices.Database", "ADMS.Apprentices.Database\ADMS.Apprentices.Database.csproj", "{9223CE90-C63D-4E0C-9C21-D1D584F76B52}"
EndProject
Project("{9A19103F-16F7-4668-BE54-9A1E7A4F7556}") = "ADMS.Apprentices.UnitTests", "ADMS.Apprentices.UnitTests\ADMS.Apprentices.UnitTests.csproj", "{61FB8360-C8ED-4841-9B52-D63006B6C46B}"
EndProject
Project("{9A19103F-16F7-4668-BE54-9A1E7A4F7556}") = "ADMS.Apprentices.Api", "ADMS.Apprentices.Api\ADMS.Apprentices.Api.csproj", "{F250CE53-0643-482C-97A7-8C15C8477CF8}"
EndProject
Project("{00D1A9C2-B5F0-4AF3-8072-F6C62B433612}") = "Database.ADMSApprentice", "Database.ADMSApprentice\Database.ADMSApprentice.sqlproj", "{B8E48A08-7D3E-4989-84A7-E35189F883D5}"
EndProject
Project("{00D1A9C2-B5F0-4AF3-8072-F6C62B433612}") = "Database.TYIMS", "Database.TYIMS\Database.TYIMS.sqlproj", "{7154A70A-4F09-46AC-9878-27C2D837B4B7}"
EndProject
Project("{FAE04EC0-301F-11D3-BF4B-00C04F79EFBC}") = "ADMS.Apprentices.IntegrationTests", "ADMS.Apprentices.IntegrationTests\ADMS.Apprentices.IntegrationTests.csproj", "{E05FA14D-EB1F-40FA-AE73-9E3CDF1E40ED}"
EndProject
Global
	GlobalSection(SolutionConfigurationPlatforms) = preSolution
		Debug|Any CPU = Debug|Any CPU
		Debug|x86 = Debug|x86
		Dev|Any CPU = Dev|Any CPU
		Dev|x86 = Dev|x86
		PreProd|Any CPU = PreProd|Any CPU
		PreProd|x86 = PreProd|x86
		Prod|Any CPU = Prod|Any CPU
		Prod|x86 = Prod|x86
		Release|Any CPU = Release|Any CPU
		Release|x86 = Release|x86
		Uat|Any CPU = Uat|Any CPU
		Uat|x86 = Uat|x86
	EndGlobalSection
	GlobalSection(ProjectConfigurationPlatforms) = postSolution
		{514893F2-6C4F-4FE7-8854-B179D49293A0}.Debug|Any CPU.ActiveCfg = Debug|Any CPU
		{514893F2-6C4F-4FE7-8854-B179D49293A0}.Debug|Any CPU.Build.0 = Debug|Any CPU
		{514893F2-6C4F-4FE7-8854-B179D49293A0}.Debug|x86.ActiveCfg = Debug|Any CPU
		{514893F2-6C4F-4FE7-8854-B179D49293A0}.Debug|x86.Build.0 = Debug|Any CPU
		{514893F2-6C4F-4FE7-8854-B179D49293A0}.Dev|Any CPU.ActiveCfg = Debug|Any CPU
		{514893F2-6C4F-4FE7-8854-B179D49293A0}.Dev|Any CPU.Build.0 = Debug|Any CPU
		{514893F2-6C4F-4FE7-8854-B179D49293A0}.Dev|x86.ActiveCfg = Debug|Any CPU
		{514893F2-6C4F-4FE7-8854-B179D49293A0}.Dev|x86.Build.0 = Debug|Any CPU
		{514893F2-6C4F-4FE7-8854-B179D49293A0}.PreProd|Any CPU.ActiveCfg = Debug|Any CPU
		{514893F2-6C4F-4FE7-8854-B179D49293A0}.PreProd|Any CPU.Build.0 = Debug|Any CPU
		{514893F2-6C4F-4FE7-8854-B179D49293A0}.PreProd|x86.ActiveCfg = Debug|Any CPU
		{514893F2-6C4F-4FE7-8854-B179D49293A0}.PreProd|x86.Build.0 = Debug|Any CPU
		{514893F2-6C4F-4FE7-8854-B179D49293A0}.Prod|Any CPU.ActiveCfg = Debug|Any CPU
		{514893F2-6C4F-4FE7-8854-B179D49293A0}.Prod|Any CPU.Build.0 = Debug|Any CPU
		{514893F2-6C4F-4FE7-8854-B179D49293A0}.Prod|x86.ActiveCfg = Debug|Any CPU
		{514893F2-6C4F-4FE7-8854-B179D49293A0}.Prod|x86.Build.0 = Debug|Any CPU
		{514893F2-6C4F-4FE7-8854-B179D49293A0}.Release|Any CPU.ActiveCfg = Release|Any CPU
		{514893F2-6C4F-4FE7-8854-B179D49293A0}.Release|Any CPU.Build.0 = Release|Any CPU
		{514893F2-6C4F-4FE7-8854-B179D49293A0}.Release|x86.ActiveCfg = Release|Any CPU
		{514893F2-6C4F-4FE7-8854-B179D49293A0}.Release|x86.Build.0 = Release|Any CPU
		{514893F2-6C4F-4FE7-8854-B179D49293A0}.Uat|Any CPU.ActiveCfg = Debug|Any CPU
		{514893F2-6C4F-4FE7-8854-B179D49293A0}.Uat|Any CPU.Build.0 = Debug|Any CPU
		{514893F2-6C4F-4FE7-8854-B179D49293A0}.Uat|x86.ActiveCfg = Debug|Any CPU
		{514893F2-6C4F-4FE7-8854-B179D49293A0}.Uat|x86.Build.0 = Debug|Any CPU
		{9223CE90-C63D-4E0C-9C21-D1D584F76B52}.Debug|Any CPU.ActiveCfg = Debug|Any CPU
		{9223CE90-C63D-4E0C-9C21-D1D584F76B52}.Debug|Any CPU.Build.0 = Debug|Any CPU
		{9223CE90-C63D-4E0C-9C21-D1D584F76B52}.Debug|x86.ActiveCfg = Debug|Any CPU
		{9223CE90-C63D-4E0C-9C21-D1D584F76B52}.Debug|x86.Build.0 = Debug|Any CPU
		{9223CE90-C63D-4E0C-9C21-D1D584F76B52}.Dev|Any CPU.ActiveCfg = Debug|Any CPU
		{9223CE90-C63D-4E0C-9C21-D1D584F76B52}.Dev|Any CPU.Build.0 = Debug|Any CPU
		{9223CE90-C63D-4E0C-9C21-D1D584F76B52}.Dev|x86.ActiveCfg = Debug|Any CPU
		{9223CE90-C63D-4E0C-9C21-D1D584F76B52}.Dev|x86.Build.0 = Debug|Any CPU
		{9223CE90-C63D-4E0C-9C21-D1D584F76B52}.PreProd|Any CPU.ActiveCfg = Debug|Any CPU
		{9223CE90-C63D-4E0C-9C21-D1D584F76B52}.PreProd|Any CPU.Build.0 = Debug|Any CPU
		{9223CE90-C63D-4E0C-9C21-D1D584F76B52}.PreProd|x86.ActiveCfg = Debug|Any CPU
		{9223CE90-C63D-4E0C-9C21-D1D584F76B52}.PreProd|x86.Build.0 = Debug|Any CPU
		{9223CE90-C63D-4E0C-9C21-D1D584F76B52}.Prod|Any CPU.ActiveCfg = Debug|Any CPU
		{9223CE90-C63D-4E0C-9C21-D1D584F76B52}.Prod|Any CPU.Build.0 = Debug|Any CPU
		{9223CE90-C63D-4E0C-9C21-D1D584F76B52}.Prod|x86.ActiveCfg = Debug|Any CPU
		{9223CE90-C63D-4E0C-9C21-D1D584F76B52}.Prod|x86.Build.0 = Debug|Any CPU
		{9223CE90-C63D-4E0C-9C21-D1D584F76B52}.Release|Any CPU.ActiveCfg = Release|Any CPU
		{9223CE90-C63D-4E0C-9C21-D1D584F76B52}.Release|Any CPU.Build.0 = Release|Any CPU
		{9223CE90-C63D-4E0C-9C21-D1D584F76B52}.Release|x86.ActiveCfg = Release|Any CPU
		{9223CE90-C63D-4E0C-9C21-D1D584F76B52}.Release|x86.Build.0 = Release|Any CPU
		{9223CE90-C63D-4E0C-9C21-D1D584F76B52}.Uat|Any CPU.ActiveCfg = Debug|Any CPU
		{9223CE90-C63D-4E0C-9C21-D1D584F76B52}.Uat|Any CPU.Build.0 = Debug|Any CPU
		{9223CE90-C63D-4E0C-9C21-D1D584F76B52}.Uat|x86.ActiveCfg = Debug|Any CPU
		{9223CE90-C63D-4E0C-9C21-D1D584F76B52}.Uat|x86.Build.0 = Debug|Any CPU
		{61FB8360-C8ED-4841-9B52-D63006B6C46B}.Debug|Any CPU.ActiveCfg = Debug|Any CPU
		{61FB8360-C8ED-4841-9B52-D63006B6C46B}.Debug|Any CPU.Build.0 = Debug|Any CPU
		{61FB8360-C8ED-4841-9B52-D63006B6C46B}.Debug|x86.ActiveCfg = Debug|Any CPU
		{61FB8360-C8ED-4841-9B52-D63006B6C46B}.Debug|x86.Build.0 = Debug|Any CPU
		{61FB8360-C8ED-4841-9B52-D63006B6C46B}.Dev|Any CPU.ActiveCfg = Debug|Any CPU
		{61FB8360-C8ED-4841-9B52-D63006B6C46B}.Dev|Any CPU.Build.0 = Debug|Any CPU
		{61FB8360-C8ED-4841-9B52-D63006B6C46B}.Dev|x86.ActiveCfg = Debug|Any CPU
		{61FB8360-C8ED-4841-9B52-D63006B6C46B}.Dev|x86.Build.0 = Debug|Any CPU
		{61FB8360-C8ED-4841-9B52-D63006B6C46B}.PreProd|Any CPU.ActiveCfg = Debug|Any CPU
		{61FB8360-C8ED-4841-9B52-D63006B6C46B}.PreProd|Any CPU.Build.0 = Debug|Any CPU
		{61FB8360-C8ED-4841-9B52-D63006B6C46B}.PreProd|x86.ActiveCfg = Debug|Any CPU
		{61FB8360-C8ED-4841-9B52-D63006B6C46B}.PreProd|x86.Build.0 = Debug|Any CPU
		{61FB8360-C8ED-4841-9B52-D63006B6C46B}.Prod|Any CPU.ActiveCfg = Debug|Any CPU
		{61FB8360-C8ED-4841-9B52-D63006B6C46B}.Prod|Any CPU.Build.0 = Debug|Any CPU
		{61FB8360-C8ED-4841-9B52-D63006B6C46B}.Prod|x86.ActiveCfg = Debug|Any CPU
		{61FB8360-C8ED-4841-9B52-D63006B6C46B}.Prod|x86.Build.0 = Debug|Any CPU
		{61FB8360-C8ED-4841-9B52-D63006B6C46B}.Release|Any CPU.ActiveCfg = Release|Any CPU
		{61FB8360-C8ED-4841-9B52-D63006B6C46B}.Release|Any CPU.Build.0 = Release|Any CPU
		{61FB8360-C8ED-4841-9B52-D63006B6C46B}.Release|x86.ActiveCfg = Release|Any CPU
		{61FB8360-C8ED-4841-9B52-D63006B6C46B}.Release|x86.Build.0 = Release|Any CPU
		{61FB8360-C8ED-4841-9B52-D63006B6C46B}.Uat|Any CPU.ActiveCfg = Debug|Any CPU
		{61FB8360-C8ED-4841-9B52-D63006B6C46B}.Uat|Any CPU.Build.0 = Debug|Any CPU
		{61FB8360-C8ED-4841-9B52-D63006B6C46B}.Uat|x86.ActiveCfg = Debug|Any CPU
		{61FB8360-C8ED-4841-9B52-D63006B6C46B}.Uat|x86.Build.0 = Debug|Any CPU
		{F250CE53-0643-482C-97A7-8C15C8477CF8}.Debug|Any CPU.ActiveCfg = Debug|Any CPU
		{F250CE53-0643-482C-97A7-8C15C8477CF8}.Debug|Any CPU.Build.0 = Debug|Any CPU
		{F250CE53-0643-482C-97A7-8C15C8477CF8}.Debug|x86.ActiveCfg = Debug|Any CPU
		{F250CE53-0643-482C-97A7-8C15C8477CF8}.Debug|x86.Build.0 = Debug|Any CPU
		{F250CE53-0643-482C-97A7-8C15C8477CF8}.Dev|Any CPU.ActiveCfg = Debug|Any CPU
		{F250CE53-0643-482C-97A7-8C15C8477CF8}.Dev|Any CPU.Build.0 = Debug|Any CPU
		{F250CE53-0643-482C-97A7-8C15C8477CF8}.Dev|x86.ActiveCfg = Debug|Any CPU
		{F250CE53-0643-482C-97A7-8C15C8477CF8}.Dev|x86.Build.0 = Debug|Any CPU
		{F250CE53-0643-482C-97A7-8C15C8477CF8}.PreProd|Any CPU.ActiveCfg = Debug|Any CPU
		{F250CE53-0643-482C-97A7-8C15C8477CF8}.PreProd|Any CPU.Build.0 = Debug|Any CPU
		{F250CE53-0643-482C-97A7-8C15C8477CF8}.PreProd|x86.ActiveCfg = Debug|Any CPU
		{F250CE53-0643-482C-97A7-8C15C8477CF8}.PreProd|x86.Build.0 = Debug|Any CPU
		{F250CE53-0643-482C-97A7-8C15C8477CF8}.Prod|Any CPU.ActiveCfg = Debug|Any CPU
		{F250CE53-0643-482C-97A7-8C15C8477CF8}.Prod|Any CPU.Build.0 = Debug|Any CPU
		{F250CE53-0643-482C-97A7-8C15C8477CF8}.Prod|x86.ActiveCfg = Debug|Any CPU
		{F250CE53-0643-482C-97A7-8C15C8477CF8}.Prod|x86.Build.0 = Debug|Any CPU
		{F250CE53-0643-482C-97A7-8C15C8477CF8}.Release|Any CPU.ActiveCfg = Release|Any CPU
		{F250CE53-0643-482C-97A7-8C15C8477CF8}.Release|Any CPU.Build.0 = Release|Any CPU
		{F250CE53-0643-482C-97A7-8C15C8477CF8}.Release|x86.ActiveCfg = Release|Any CPU
		{F250CE53-0643-482C-97A7-8C15C8477CF8}.Release|x86.Build.0 = Release|Any CPU
		{F250CE53-0643-482C-97A7-8C15C8477CF8}.Uat|Any CPU.ActiveCfg = Debug|Any CPU
		{F250CE53-0643-482C-97A7-8C15C8477CF8}.Uat|Any CPU.Build.0 = Debug|Any CPU
		{F250CE53-0643-482C-97A7-8C15C8477CF8}.Uat|x86.ActiveCfg = Debug|Any CPU
		{F250CE53-0643-482C-97A7-8C15C8477CF8}.Uat|x86.Build.0 = Debug|Any CPU
		{B8E48A08-7D3E-4989-84A7-E35189F883D5}.Debug|Any CPU.ActiveCfg = Debug|Any CPU
		{B8E48A08-7D3E-4989-84A7-E35189F883D5}.Debug|Any CPU.Build.0 = Debug|Any CPU
		{B8E48A08-7D3E-4989-84A7-E35189F883D5}.Debug|Any CPU.Deploy.0 = Debug|Any CPU
		{B8E48A08-7D3E-4989-84A7-E35189F883D5}.Debug|x86.ActiveCfg = Debug|Any CPU
		{B8E48A08-7D3E-4989-84A7-E35189F883D5}.Debug|x86.Build.0 = Debug|Any CPU
		{B8E48A08-7D3E-4989-84A7-E35189F883D5}.Debug|x86.Deploy.0 = Debug|Any CPU
		{B8E48A08-7D3E-4989-84A7-E35189F883D5}.Dev|Any CPU.ActiveCfg = Debug|Any CPU
		{B8E48A08-7D3E-4989-84A7-E35189F883D5}.Dev|Any CPU.Build.0 = Debug|Any CPU
		{B8E48A08-7D3E-4989-84A7-E35189F883D5}.Dev|Any CPU.Deploy.0 = Debug|Any CPU
		{B8E48A08-7D3E-4989-84A7-E35189F883D5}.Dev|x86.ActiveCfg = Debug|Any CPU
		{B8E48A08-7D3E-4989-84A7-E35189F883D5}.Dev|x86.Build.0 = Debug|Any CPU
		{B8E48A08-7D3E-4989-84A7-E35189F883D5}.Dev|x86.Deploy.0 = Debug|Any CPU
		{B8E48A08-7D3E-4989-84A7-E35189F883D5}.PreProd|Any CPU.ActiveCfg = Release|Any CPU
		{B8E48A08-7D3E-4989-84A7-E35189F883D5}.PreProd|Any CPU.Build.0 = Release|Any CPU
		{B8E48A08-7D3E-4989-84A7-E35189F883D5}.PreProd|Any CPU.Deploy.0 = Release|Any CPU
		{B8E48A08-7D3E-4989-84A7-E35189F883D5}.PreProd|x86.ActiveCfg = Release|Any CPU
		{B8E48A08-7D3E-4989-84A7-E35189F883D5}.PreProd|x86.Build.0 = Release|Any CPU
		{B8E48A08-7D3E-4989-84A7-E35189F883D5}.PreProd|x86.Deploy.0 = Release|Any CPU
		{B8E48A08-7D3E-4989-84A7-E35189F883D5}.Prod|Any CPU.ActiveCfg = Release|Any CPU
		{B8E48A08-7D3E-4989-84A7-E35189F883D5}.Prod|Any CPU.Build.0 = Release|Any CPU
		{B8E48A08-7D3E-4989-84A7-E35189F883D5}.Prod|Any CPU.Deploy.0 = Release|Any CPU
		{B8E48A08-7D3E-4989-84A7-E35189F883D5}.Prod|x86.ActiveCfg = Release|Any CPU
		{B8E48A08-7D3E-4989-84A7-E35189F883D5}.Prod|x86.Build.0 = Release|Any CPU
		{B8E48A08-7D3E-4989-84A7-E35189F883D5}.Prod|x86.Deploy.0 = Release|Any CPU
		{B8E48A08-7D3E-4989-84A7-E35189F883D5}.Release|Any CPU.ActiveCfg = Release|Any CPU
		{B8E48A08-7D3E-4989-84A7-E35189F883D5}.Release|Any CPU.Build.0 = Release|Any CPU
		{B8E48A08-7D3E-4989-84A7-E35189F883D5}.Release|Any CPU.Deploy.0 = Release|Any CPU
		{B8E48A08-7D3E-4989-84A7-E35189F883D5}.Release|x86.ActiveCfg = Release|Any CPU
		{B8E48A08-7D3E-4989-84A7-E35189F883D5}.Release|x86.Build.0 = Release|Any CPU
		{B8E48A08-7D3E-4989-84A7-E35189F883D5}.Release|x86.Deploy.0 = Release|Any CPU
		{B8E48A08-7D3E-4989-84A7-E35189F883D5}.Uat|Any CPU.ActiveCfg = Release|Any CPU
		{B8E48A08-7D3E-4989-84A7-E35189F883D5}.Uat|Any CPU.Build.0 = Release|Any CPU
		{B8E48A08-7D3E-4989-84A7-E35189F883D5}.Uat|Any CPU.Deploy.0 = Release|Any CPU
		{B8E48A08-7D3E-4989-84A7-E35189F883D5}.Uat|x86.ActiveCfg = Release|Any CPU
		{B8E48A08-7D3E-4989-84A7-E35189F883D5}.Uat|x86.Build.0 = Release|Any CPU
		{B8E48A08-7D3E-4989-84A7-E35189F883D5}.Uat|x86.Deploy.0 = Release|Any CPU
		{7154A70A-4F09-46AC-9878-27C2D837B4B7}.Debug|Any CPU.ActiveCfg = Debug|Any CPU
		{7154A70A-4F09-46AC-9878-27C2D837B4B7}.Debug|Any CPU.Build.0 = Debug|Any CPU
		{7154A70A-4F09-46AC-9878-27C2D837B4B7}.Debug|Any CPU.Deploy.0 = Debug|Any CPU
		{7154A70A-4F09-46AC-9878-27C2D837B4B7}.Debug|x86.ActiveCfg = Debug|Any CPU
		{7154A70A-4F09-46AC-9878-27C2D837B4B7}.Debug|x86.Build.0 = Debug|Any CPU
		{7154A70A-4F09-46AC-9878-27C2D837B4B7}.Debug|x86.Deploy.0 = Debug|Any CPU
		{7154A70A-4F09-46AC-9878-27C2D837B4B7}.Dev|Any CPU.ActiveCfg = Debug|Any CPU
		{7154A70A-4F09-46AC-9878-27C2D837B4B7}.Dev|Any CPU.Build.0 = Debug|Any CPU
		{7154A70A-4F09-46AC-9878-27C2D837B4B7}.Dev|Any CPU.Deploy.0 = Debug|Any CPU
		{7154A70A-4F09-46AC-9878-27C2D837B4B7}.Dev|x86.ActiveCfg = Debug|Any CPU
		{7154A70A-4F09-46AC-9878-27C2D837B4B7}.Dev|x86.Build.0 = Debug|Any CPU
		{7154A70A-4F09-46AC-9878-27C2D837B4B7}.Dev|x86.Deploy.0 = Debug|Any CPU
		{7154A70A-4F09-46AC-9878-27C2D837B4B7}.PreProd|Any CPU.ActiveCfg = Release|Any CPU
		{7154A70A-4F09-46AC-9878-27C2D837B4B7}.PreProd|Any CPU.Build.0 = Release|Any CPU
		{7154A70A-4F09-46AC-9878-27C2D837B4B7}.PreProd|Any CPU.Deploy.0 = Release|Any CPU
		{7154A70A-4F09-46AC-9878-27C2D837B4B7}.PreProd|x86.ActiveCfg = Release|Any CPU
		{7154A70A-4F09-46AC-9878-27C2D837B4B7}.PreProd|x86.Build.0 = Release|Any CPU
		{7154A70A-4F09-46AC-9878-27C2D837B4B7}.PreProd|x86.Deploy.0 = Release|Any CPU
		{7154A70A-4F09-46AC-9878-27C2D837B4B7}.Prod|Any CPU.ActiveCfg = Release|Any CPU
		{7154A70A-4F09-46AC-9878-27C2D837B4B7}.Prod|Any CPU.Build.0 = Release|Any CPU
		{7154A70A-4F09-46AC-9878-27C2D837B4B7}.Prod|Any CPU.Deploy.0 = Release|Any CPU
		{7154A70A-4F09-46AC-9878-27C2D837B4B7}.Prod|x86.ActiveCfg = Release|Any CPU
		{7154A70A-4F09-46AC-9878-27C2D837B4B7}.Prod|x86.Build.0 = Release|Any CPU
		{7154A70A-4F09-46AC-9878-27C2D837B4B7}.Prod|x86.Deploy.0 = Release|Any CPU
		{7154A70A-4F09-46AC-9878-27C2D837B4B7}.Release|Any CPU.ActiveCfg = Release|Any CPU
		{7154A70A-4F09-46AC-9878-27C2D837B4B7}.Release|Any CPU.Build.0 = Release|Any CPU
		{7154A70A-4F09-46AC-9878-27C2D837B4B7}.Release|Any CPU.Deploy.0 = Release|Any CPU
		{7154A70A-4F09-46AC-9878-27C2D837B4B7}.Release|x86.ActiveCfg = Release|Any CPU
		{7154A70A-4F09-46AC-9878-27C2D837B4B7}.Release|x86.Build.0 = Release|Any CPU
		{7154A70A-4F09-46AC-9878-27C2D837B4B7}.Release|x86.Deploy.0 = Release|Any CPU
		{7154A70A-4F09-46AC-9878-27C2D837B4B7}.Uat|Any CPU.ActiveCfg = Release|Any CPU
		{7154A70A-4F09-46AC-9878-27C2D837B4B7}.Uat|Any CPU.Build.0 = Release|Any CPU
		{7154A70A-4F09-46AC-9878-27C2D837B4B7}.Uat|Any CPU.Deploy.0 = Release|Any CPU
		{7154A70A-4F09-46AC-9878-27C2D837B4B7}.Uat|x86.ActiveCfg = Release|Any CPU
		{7154A70A-4F09-46AC-9878-27C2D837B4B7}.Uat|x86.Build.0 = Release|Any CPU
		{7154A70A-4F09-46AC-9878-27C2D837B4B7}.Uat|x86.Deploy.0 = Release|Any CPU
		{E05FA14D-EB1F-40FA-AE73-9E3CDF1E40ED}.Debug|Any CPU.ActiveCfg = Debug|Any CPU
		{E05FA14D-EB1F-40FA-AE73-9E3CDF1E40ED}.Debug|Any CPU.Build.0 = Debug|Any CPU
		{E05FA14D-EB1F-40FA-AE73-9E3CDF1E40ED}.Debug|x86.ActiveCfg = Debug|Any CPU
		{E05FA14D-EB1F-40FA-AE73-9E3CDF1E40ED}.Debug|x86.Build.0 = Debug|Any CPU
		{E05FA14D-EB1F-40FA-AE73-9E3CDF1E40ED}.Dev|Any CPU.ActiveCfg = Debug|Any CPU
		{E05FA14D-EB1F-40FA-AE73-9E3CDF1E40ED}.Dev|Any CPU.Build.0 = Debug|Any CPU
		{E05FA14D-EB1F-40FA-AE73-9E3CDF1E40ED}.Dev|x86.ActiveCfg = Debug|Any CPU
		{E05FA14D-EB1F-40FA-AE73-9E3CDF1E40ED}.Dev|x86.Build.0 = Debug|Any CPU
		{E05FA14D-EB1F-40FA-AE73-9E3CDF1E40ED}.PreProd|Any CPU.ActiveCfg = Debug|Any CPU
		{E05FA14D-EB1F-40FA-AE73-9E3CDF1E40ED}.PreProd|Any CPU.Build.0 = Debug|Any CPU
		{E05FA14D-EB1F-40FA-AE73-9E3CDF1E40ED}.PreProd|x86.ActiveCfg = Debug|Any CPU
		{E05FA14D-EB1F-40FA-AE73-9E3CDF1E40ED}.PreProd|x86.Build.0 = Debug|Any CPU
		{E05FA14D-EB1F-40FA-AE73-9E3CDF1E40ED}.Prod|Any CPU.ActiveCfg = Debug|Any CPU
		{E05FA14D-EB1F-40FA-AE73-9E3CDF1E40ED}.Prod|Any CPU.Build.0 = Debug|Any CPU
		{E05FA14D-EB1F-40FA-AE73-9E3CDF1E40ED}.Prod|x86.ActiveCfg = Debug|Any CPU
		{E05FA14D-EB1F-40FA-AE73-9E3CDF1E40ED}.Prod|x86.Build.0 = Debug|Any CPU
		{E05FA14D-EB1F-40FA-AE73-9E3CDF1E40ED}.Release|Any CPU.ActiveCfg = Release|Any CPU
		{E05FA14D-EB1F-40FA-AE73-9E3CDF1E40ED}.Release|Any CPU.Build.0 = Release|Any CPU
		{E05FA14D-EB1F-40FA-AE73-9E3CDF1E40ED}.Release|x86.ActiveCfg = Release|Any CPU
		{E05FA14D-EB1F-40FA-AE73-9E3CDF1E40ED}.Release|x86.Build.0 = Release|Any CPU
		{E05FA14D-EB1F-40FA-AE73-9E3CDF1E40ED}.Uat|Any CPU.ActiveCfg = Debug|Any CPU
		{E05FA14D-EB1F-40FA-AE73-9E3CDF1E40ED}.Uat|Any CPU.Build.0 = Debug|Any CPU
		{E05FA14D-EB1F-40FA-AE73-9E3CDF1E40ED}.Uat|x86.ActiveCfg = Debug|Any CPU
		{E05FA14D-EB1F-40FA-AE73-9E3CDF1E40ED}.Uat|x86.Build.0 = Debug|Any CPU
	EndGlobalSection
	GlobalSection(SolutionProperties) = preSolution
		HideSolutionNode = FALSE
	EndGlobalSection
	GlobalSection(ExtensibilityGlobals) = postSolution
		SolutionGuid = {FFCF3C0B-5ACC-4BAE-9342-BE57B8CE8EFF}
	EndGlobalSection
EndGlobal
